
Microsoft Visual Studio Solution File, Format Version 12.00
# Visual Studio Version 17
VisualStudioVersion = 17.6.33626.354
MinimumVisualStudioVersion = 10.0.40219.1
Project("{2150E333-8FDC-42A3-9474-1A3956D46DE8}") = "src", "src", "{34CD6286-EBC4-434E-9C67-8E8ED2F50FA5}"
EndProject
Project("{2150E333-8FDC-42A3-9474-1A3956D46DE8}") = "test", "test", "{E638495C-97E2-481C-8075-D2C663CB3E8A}"
EndProject
Project("{2150E333-8FDC-42A3-9474-1A3956D46DE8}") = "Application", "Application", "{22A4E873-CDFF-49D8-8870-29DF708F3467}"
EndProject
Project("{2150E333-8FDC-42A3-9474-1A3956D46DE8}") = "Core", "Core", "{CBF91BFB-17F1-4BCE-82F4-43FBE8F4E656}"
EndProject
Project("{2150E333-8FDC-42A3-9474-1A3956D46DE8}") = "Infrastructure", "Infrastructure", "{63FA1795-6958-4B02-87F2-FECFE08CF32A}"
EndProject
Project("{2150E333-8FDC-42A3-9474-1A3956D46DE8}") = "API", "API", "{81B3D926-7653-4B31-98EB-0B2EF8CAA96A}"
EndProject
Project("{9A19103F-16F7-4668-BE54-9A1E7A4F7556}") = "IntegratedProtection.Core", "IntegratedProtection.Core\IntegratedProtection.Core.csproj", "{7E224146-8A40-49AC-B42E-D42D974ED846}"
EndProject
Project("{9A19103F-16F7-4668-BE54-9A1E7A4F7556}") = "IntegratedProtection.Application", "IntegratedProtection.Application\IntegratedProtection.Application.csproj", "{B36F4C48-89B9-445B-9857-467A848555AE}"
EndProject
Project("{9A19103F-16F7-4668-BE54-9A1E7A4F7556}") = "IntegratedProtection.Infrastructure", "IntegratedProtection.Infrastructure\IntegratedProtection.Infrastructure.csproj", "{4D327FBE-41EA-4FFD-8C37-45C8EA185713}"
EndProject
Project("{9A19103F-16F7-4668-BE54-9A1E7A4F7556}") = "IntegratedProtection.API", "IntegratedProtection.API\IntegratedProtection.API.csproj", "{452AC378-C57B-42A2-9695-9E5995B20A12}"
EndProject
Project("{2150E333-8FDC-42A3-9474-1A3956D46DE8}") = "Core.Test", "Core.Test", "{F508BD1A-CF53-469D-81DF-7468D9C2359D}"
EndProject
Project("{2150E333-8FDC-42A3-9474-1A3956D46DE8}") = "Infrastructure.Test", "Infrastructure.Test", "{9F15AEF3-FD0F-45F5-95D1-1275C77B82DA}"
EndProject
Project("{2150E333-8FDC-42A3-9474-1A3956D46DE8}") = "Application.Test", "Application.Test", "{108EB6DF-C3DD-4072-8166-865BB035411B}"
EndProject
Project("{2150E333-8FDC-42A3-9474-1A3956D46DE8}") = "API.Test", "API.Test", "{A7976433-9C41-423B-80A0-9FE43276BEF4}"
EndProject
Project("{9A19103F-16F7-4668-BE54-9A1E7A4F7556}") = "IntegratedProtection.API.Test", "IntegratedProtection.API.Test\IntegratedProtection.API.Test.csproj", "{DDF176C3-342B-4532-838E-3F79C5A44C15}"
EndProject
Project("{9A19103F-16F7-4668-BE54-9A1E7A4F7556}") = "IntegratedProtection.Application.Test", "IntegratedProtection.Application.Test\IntegratedProtection.Application.Test.csproj", "{60A1FCE7-BCD9-4748-BE9A-970CE9D8C948}"
EndProject
Project("{9A19103F-16F7-4668-BE54-9A1E7A4F7556}") = "IntegratedProtection.Core.Test", "IntegratedProtection.Core.Test\IntegratedProtection.Core.Test.csproj", "{FD1CF462-0B20-4234-BB15-0776187D9294}"
EndProject
Project("{9A19103F-16F7-4668-BE54-9A1E7A4F7556}") = "IntegratedProtection.Infrastructure.Test", "IntegratedProtection.Infrastructure.Test\IntegratedProtection.Infrastructure.Test.csproj", "{353247BB-5662-4D9D-9CFC-60F79A8A89B8}"
EndProject
Global
	GlobalSection(SolutionConfigurationPlatforms) = preSolution
		Debug|Any CPU = Debug|Any CPU
		Release|Any CPU = Release|Any CPU
	EndGlobalSection
	GlobalSection(ProjectConfigurationPlatforms) = postSolution
		{7E224146-8A40-49AC-B42E-D42D974ED846}.Debug|Any CPU.ActiveCfg = Debug|Any CPU
		{7E224146-8A40-49AC-B42E-D42D974ED846}.Debug|Any CPU.Build.0 = Debug|Any CPU
		{7E224146-8A40-49AC-B42E-D42D974ED846}.Release|Any CPU.ActiveCfg = Release|Any CPU
		{7E224146-8A40-49AC-B42E-D42D974ED846}.Release|Any CPU.Build.0 = Release|Any CPU
		{B36F4C48-89B9-445B-9857-467A848555AE}.Debug|Any CPU.ActiveCfg = Debug|Any CPU
		{B36F4C48-89B9-445B-9857-467A848555AE}.Debug|Any CPU.Build.0 = Debug|Any CPU
		{B36F4C48-89B9-445B-9857-467A848555AE}.Release|Any CPU.ActiveCfg = Release|Any CPU
		{B36F4C48-89B9-445B-9857-467A848555AE}.Release|Any CPU.Build.0 = Release|Any CPU
		{4D327FBE-41EA-4FFD-8C37-45C8EA185713}.Debug|Any CPU.ActiveCfg = Debug|Any CPU
		{4D327FBE-41EA-4FFD-8C37-45C8EA185713}.Debug|Any CPU.Build.0 = Debug|Any CPU
		{4D327FBE-41EA-4FFD-8C37-45C8EA185713}.Release|Any CPU.ActiveCfg = Release|Any CPU
		{4D327FBE-41EA-4FFD-8C37-45C8EA185713}.Release|Any CPU.Build.0 = Release|Any CPU
		{452AC378-C57B-42A2-9695-9E5995B20A12}.Debug|Any CPU.ActiveCfg = Debug|Any CPU
		{452AC378-C57B-42A2-9695-9E5995B20A12}.Debug|Any CPU.Build.0 = Debug|Any CPU
		{452AC378-C57B-42A2-9695-9E5995B20A12}.Release|Any CPU.ActiveCfg = Release|Any CPU
		{452AC378-C57B-42A2-9695-9E5995B20A12}.Release|Any CPU.Build.0 = Release|Any CPU
		{DDF176C3-342B-4532-838E-3F79C5A44C15}.Debug|Any CPU.ActiveCfg = Debug|Any CPU
		{DDF176C3-342B-4532-838E-3F79C5A44C15}.Debug|Any CPU.Build.0 = Debug|Any CPU
		{DDF176C3-342B-4532-838E-3F79C5A44C15}.Release|Any CPU.ActiveCfg = Release|Any CPU
		{DDF176C3-342B-4532-838E-3F79C5A44C15}.Release|Any CPU.Build.0 = Release|Any CPU
		{60A1FCE7-BCD9-4748-BE9A-970CE9D8C948}.Debug|Any CPU.ActiveCfg = Debug|Any CPU
		{60A1FCE7-BCD9-4748-BE9A-970CE9D8C948}.Debug|Any CPU.Build.0 = Debug|Any CPU
		{60A1FCE7-BCD9-4748-BE9A-970CE9D8C948}.Release|Any CPU.ActiveCfg = Release|Any CPU
		{60A1FCE7-BCD9-4748-BE9A-970CE9D8C948}.Release|Any CPU.Build.0 = Release|Any CPU
		{FD1CF462-0B20-4234-BB15-0776187D9294}.Debug|Any CPU.ActiveCfg = Debug|Any CPU
		{FD1CF462-0B20-4234-BB15-0776187D9294}.Debug|Any CPU.Build.0 = Debug|Any CPU
		{FD1CF462-0B20-4234-BB15-0776187D9294}.Release|Any CPU.ActiveCfg = Release|Any CPU
		{FD1CF462-0B20-4234-BB15-0776187D9294}.Release|Any CPU.Build.0 = Release|Any CPU
		{353247BB-5662-4D9D-9CFC-60F79A8A89B8}.Debug|Any CPU.ActiveCfg = Debug|Any CPU
		{353247BB-5662-4D9D-9CFC-60F79A8A89B8}.Debug|Any CPU.Build.0 = Debug|Any CPU
		{353247BB-5662-4D9D-9CFC-60F79A8A89B8}.Release|Any CPU.ActiveCfg = Release|Any CPU
		{353247BB-5662-4D9D-9CFC-60F79A8A89B8}.Release|Any CPU.Build.0 = Release|Any CPU
	EndGlobalSection
	GlobalSection(SolutionProperties) = preSolution
		HideSolutionNode = FALSE
	EndGlobalSection
	GlobalSection(NestedProjects) = preSolution
		{22A4E873-CDFF-49D8-8870-29DF708F3467} = {34CD6286-EBC4-434E-9C67-8E8ED2F50FA5}
		{CBF91BFB-17F1-4BCE-82F4-43FBE8F4E656} = {34CD6286-EBC4-434E-9C67-8E8ED2F50FA5}
		{63FA1795-6958-4B02-87F2-FECFE08CF32A} = {34CD6286-EBC4-434E-9C67-8E8ED2F50FA5}
		{81B3D926-7653-4B31-98EB-0B2EF8CAA96A} = {34CD6286-EBC4-434E-9C67-8E8ED2F50FA5}
		{7E224146-8A40-49AC-B42E-D42D974ED846} = {CBF91BFB-17F1-4BCE-82F4-43FBE8F4E656}
		{B36F4C48-89B9-445B-9857-467A848555AE} = {22A4E873-CDFF-49D8-8870-29DF708F3467}
		{4D327FBE-41EA-4FFD-8C37-45C8EA185713} = {63FA1795-6958-4B02-87F2-FECFE08CF32A}
		{452AC378-C57B-42A2-9695-9E5995B20A12} = {81B3D926-7653-4B31-98EB-0B2EF8CAA96A}
		{F508BD1A-CF53-469D-81DF-7468D9C2359D} = {E638495C-97E2-481C-8075-D2C663CB3E8A}
		{9F15AEF3-FD0F-45F5-95D1-1275C77B82DA} = {E638495C-97E2-481C-8075-D2C663CB3E8A}
		{108EB6DF-C3DD-4072-8166-865BB035411B} = {E638495C-97E2-481C-8075-D2C663CB3E8A}
		{A7976433-9C41-423B-80A0-9FE43276BEF4} = {E638495C-97E2-481C-8075-D2C663CB3E8A}
		{DDF176C3-342B-4532-838E-3F79C5A44C15} = {A7976433-9C41-423B-80A0-9FE43276BEF4}
		{60A1FCE7-BCD9-4748-BE9A-970CE9D8C948} = {108EB6DF-C3DD-4072-8166-865BB035411B}
		{FD1CF462-0B20-4234-BB15-0776187D9294} = {F508BD1A-CF53-469D-81DF-7468D9C2359D}
		{353247BB-5662-4D9D-9CFC-60F79A8A89B8} = {9F15AEF3-FD0F-45F5-95D1-1275C77B82DA}
	EndGlobalSection
	GlobalSection(ExtensibilityGlobals) = postSolution
		SolutionGuid = {095AA575-4CC9-4AC0-BC3B-63DC8C6D49B4}
	EndGlobalSection
EndGlobal
